
Microsoft Visual Studio Solution File, Format Version 12.00
# Visual Studio Version 17
VisualStudioVersion = 17.0.31919.166
MinimumVisualStudioVersion = 10.0.40219.1
Project("{FAE04EC0-301F-11D3-BF4B-00C04F79EFBC}") = "actionAndFunc", "actionAndFunc\actionAndFunc.csproj", "{BDA445E2-D50A-4949-9D71-E33C0A473359}"
EndProject
Global
	GlobalSection(SolutionConfigurationPlatforms) = preSolution
		Debug|Any CPU = Debug|Any CPU
		Release|Any CPU = Release|Any CPU
	EndGlobalSection
	GlobalSection(ProjectConfigurationPlatforms) = postSolution
		{BDA445E2-D50A-4949-9D71-E33C0A473359}.Debug|Any CPU.ActiveCfg = Debug|Any CPU
		{BDA445E2-D50A-4949-9D71-E33C0A473359}.Debug|Any CPU.Build.0 = Debug|Any CPU
		{BDA445E2-D50A-4949-9D71-E33C0A473359}.Release|Any CPU.ActiveCfg = Release|Any CPU
		{BDA445E2-D50A-4949-9D71-E33C0A473359}.Release|Any CPU.Build.0 = Release|Any CPU
	EndGlobalSection
	GlobalSection(SolutionProperties) = preSolution
		HideSolutionNode = FALSE
	EndGlobalSection
	GlobalSection(ExtensibilityGlobals) = postSolution
		SolutionGuid = {E1A878CE-B16E-4FBD-95D3-34076D8E7EA8}
	EndGlobalSection
EndGlobal
