
Microsoft Visual Studio Solution File, Format Version 12.00
# Visual Studio Version 17
VisualStudioVersion = 17.1.32210.238
MinimumVisualStudioVersion = 10.0.40219.1
Project("{888888A0-9F3D-457C-B088-3A5042F75D52}") = "PythonGUI", "PythonGUI\PythonGUI.pyproj", "{D04836AC-233C-4209-B010-D4B955932762}"
EndProject
Global
	GlobalSection(SolutionConfigurationPlatforms) = preSolution
		Debug|Any CPU = Debug|Any CPU
		Release|Any CPU = Release|Any CPU
	EndGlobalSection
	GlobalSection(ProjectConfigurationPlatforms) = postSolution
		{D04836AC-233C-4209-B010-D4B955932762}.Debug|Any CPU.ActiveCfg = Debug|Any CPU
		{D04836AC-233C-4209-B010-D4B955932762}.Release|Any CPU.ActiveCfg = Release|Any CPU
	EndGlobalSection
	GlobalSection(SolutionProperties) = preSolution
		HideSolutionNode = FALSE
	EndGlobalSection
	GlobalSection(ExtensibilityGlobals) = postSolution
		SolutionGuid = {95DA16BF-BDF0-46AE-979E-40FD316AC03F}
	EndGlobalSection
EndGlobal
